
Microsoft Visual Studio Solution File, Format Version 12.00
# Visual Studio Version 17
VisualStudioVersion = 17.0.31903.59
MinimumVisualStudioVersion = 10.0.40219.1
Project("{2150E333-8FDC-42A3-9474-1A3956D46DE8}") = "src", "src", "{827E0CD3-B72D-47B6-A68D-7590B98EB39B}"
EndProject
Project("{2150E333-8FDC-42A3-9474-1A3956D46DE8}") = "Services", "Services", "{984BB9B3-3FA3-BE33-9484-CAC21695A33C}"
EndProject
Project("{2150E333-8FDC-42A3-9474-1A3956D46DE8}") = "UserManagement", "UserManagement", "{B7D5EAAE-0816-8D88-99F1-C7C4E7720A4E}"
EndProject
Project("{FAE04EC0-301F-11D3-BF4B-00C04F79EFBC}") = "StockTradePro.UserManagement.API", "src\Services\UserManagement\StockTradePro.UserManagement.API\StockTradePro.UserManagement.API.csproj", "{A57A5477-331C-49A2-BDEE-817069C7F47C}"
EndProject
Project("{2150E333-8FDC-42A3-9474-1A3956D46DE8}") = "Solution Items", "Solution Items", "{8EC462FD-D22E-90A8-E5CE-7E832BA40C5D}"
	ProjectSection(SolutionItems) = preProject
		docker-compose.yml = docker-compose.yml
	EndProjectSection
EndProject
Project("{2150E333-8FDC-42A3-9474-1A3956D46DE8}") = "StockData", "StockData", "{CAA091EC-D133-82B6-2E38-1C8306A848A1}"
EndProject
Project("{FAE04EC0-301F-11D3-BF4B-00C04F79EFBC}") = "StockTradePro.StockData.API", "src\Services\StockData\StockTradePro.StockData.API\StockTradePro.StockData.API.csproj", "{3670442E-E162-4DE1-AABE-18B68FC0D286}"
EndProject
Project("{2150E333-8FDC-42A3-9474-1A3956D46DE8}") = "Gateway", "Gateway", "{02EA681E-C7D8-13C7-8484-4AC65E1B71E8}"
EndProject
Project("{FAE04EC0-301F-11D3-BF4B-00C04F79EFBC}") = "StockTradePro.ApiGateway", "src\Services\Gateway\StockTradePro.ApiGateway\StockTradePro.ApiGateway.csproj", "{86D78C96-5798-9BB0-3884-52C7A2427573}"
EndProject
Project("{FAE04EC0-301F-11D3-BF4B-00C04F79EFBC}") = "StockTradePro.Portfolio.API", "src\Services\Portfolio\StockTradePro.Portfolio.API\StockTradePro.Portfolio.API.csproj", "{4F323DC5-2E03-9AD3-4F28-927DC665B529}"
EndProject
Project("{2150E333-8FDC-42A3-9474-1A3956D46DE8}") = "Portfolio", "Portfolio", "{39746ABD-D37D-42DC-AF14-AB2FEAC7B8B0}"
EndProject
Project("{2150E333-8FDC-42A3-9474-1A3956D46DE8}") = "Watchlist", "Watchlist", "{22EE3CD0-3C1E-4494-AA24-5896762493F2}"
EndProject
Project("{FAE04EC0-301F-11D3-BF4B-00C04F79EFBC}") = "StockTradePro.WatchlistService.API", "src\Services\Watchlist\StockTradePro.WatchlistService.API.csproj", "{22F13C90-B322-6C0B-D592-D50838DB0A38}"
EndProject
Project("{2150E333-8FDC-42A3-9474-1A3956D46DE8}") = "NotificationService", "NotificationService", "{64A52E37-52A0-4F6B-A8A5-B70C5C405B29}"
EndProject
Project("{FAE04EC0-301F-11D3-BF4B-00C04F79EFBC}") = "StockTradePro.NotificationService.API", "src\Services\NotificationService\StockTradePro.NotificationService.API\StockTradePro.NotificationService.API.csproj", "{507E6324-4447-46D5-2D7A-097176FBB299}"
EndProject
Project("{2150E333-8FDC-42A3-9474-1A3956D46DE8}") = "Shared", "Shared", "{21798492-8821-417A-9EED-E57CA1D5B630}"
EndProject
Project("{FAE04EC0-301F-11D3-BF4B-00C04F79EFBC}") = "StockTradePro.Shared", "src\Services\Shared\StockTradePro.Shared\StockTradePro.Shared.csproj", "{8CDC93C6-0958-E4B3-3036-A1EE16C6287B}"
EndProject
Project("{2150E333-8FDC-42A3-9474-1A3956D46DE8}") = "UI", "UI", "{1F08374D-7B82-4DD5-ABDB-80E0037C640D}"
EndProject
Project("{FAE04EC0-301F-11D3-BF4B-00C04F79EFBC}") = "StockTradePro.BlazorUI", "src\UI\StockTradePro.BlazorUI\StockTradePro.BlazorUI.csproj", "{64801521-E8C8-9848-B0DB-A997342FDAD5}"
EndProject
Project("{2150E333-8FDC-42A3-9474-1A3956D46DE8}") = "tests", "tests", "{CCF1CD96-C01F-4EC7-8361-4265A4072F41}"
EndProject
Project("{2150E333-8FDC-42A3-9474-1A3956D46DE8}") = "UnitTests", "UnitTests", "{D39EF187-8F1F-42AB-B823-5B11FE487E48}"
EndProject
Project("{FAE04EC0-301F-11D3-BF4B-00C04F79EFBC}") = "StockTradePro.UserManagement.UnitTests", "tests\UnitTests\StockTradePro.UserManagement.UnitTests\StockTradePro.UserManagement.UnitTests.csproj", "{EB652B35-9F63-9371-C56D-03B929AC5DAF}"
EndProject
Project("{2150E333-8FDC-42A3-9474-1A3956D46DE8}") = "IntegrationTests", "IntegrationTests", "{CFC8029D-18B7-40F1-9520-9C668D55D561}"
EndProject
Project("{FAE04EC0-301F-11D3-BF4B-00C04F79EFBC}") = "StockTradePro.UserManagement.IntegrationTests", "tests\IntegrationTests\StockTradePro.UserManagement.IntegrationTests\StockTradePro.UserManagement.IntegrationTests.csproj", "{2F0D4428-92A1-4FA9-910C-A2B78D6EAD11}"
EndProject
Global
	GlobalSection(SolutionConfigurationPlatforms) = preSolution
		Debug|Any CPU = Debug|Any CPU
		Debug|x64 = Debug|x64
		Debug|x86 = Debug|x86
		Release|Any CPU = Release|Any CPU
		Release|x64 = Release|x64
		Release|x86 = Release|x86
	EndGlobalSection
	GlobalSection(ProjectConfigurationPlatforms) = postSolution
		{A57A5477-331C-49A2-BDEE-817069C7F47C}.Debug|Any CPU.ActiveCfg = Debug|Any CPU
		{A57A5477-331C-49A2-BDEE-817069C7F47C}.Debug|Any CPU.Build.0 = Debug|Any CPU
		{A57A5477-331C-49A2-BDEE-817069C7F47C}.Debug|x64.ActiveCfg = Debug|Any CPU
		{A57A5477-331C-49A2-BDEE-817069C7F47C}.Debug|x64.Build.0 = Debug|Any CPU
		{A57A5477-331C-49A2-BDEE-817069C7F47C}.Debug|x86.ActiveCfg = Debug|Any CPU
		{A57A5477-331C-49A2-BDEE-817069C7F47C}.Debug|x86.Build.0 = Debug|Any CPU
		{A57A5477-331C-49A2-BDEE-817069C7F47C}.Release|Any CPU.ActiveCfg = Release|Any CPU
		{A57A5477-331C-49A2-BDEE-817069C7F47C}.Release|Any CPU.Build.0 = Release|Any CPU
		{A57A5477-331C-49A2-BDEE-817069C7F47C}.Release|x64.ActiveCfg = Release|Any CPU
		{A57A5477-331C-49A2-BDEE-817069C7F47C}.Release|x64.Build.0 = Release|Any CPU
		{A57A5477-331C-49A2-BDEE-817069C7F47C}.Release|x86.ActiveCfg = Release|Any CPU
		{A57A5477-331C-49A2-BDEE-817069C7F47C}.Release|x86.Build.0 = Release|Any CPU
		{3670442E-E162-4DE1-AABE-18B68FC0D286}.Debug|Any CPU.ActiveCfg = Debug|Any CPU
		{3670442E-E162-4DE1-AABE-18B68FC0D286}.Debug|Any CPU.Build.0 = Debug|Any CPU
		{3670442E-E162-4DE1-AABE-18B68FC0D286}.Debug|x64.ActiveCfg = Debug|Any CPU
		{3670442E-E162-4DE1-AABE-18B68FC0D286}.Debug|x64.Build.0 = Debug|Any CPU
		{3670442E-E162-4DE1-AABE-18B68FC0D286}.Debug|x86.ActiveCfg = Debug|Any CPU
		{3670442E-E162-4DE1-AABE-18B68FC0D286}.Debug|x86.Build.0 = Debug|Any CPU
		{3670442E-E162-4DE1-AABE-18B68FC0D286}.Release|Any CPU.ActiveCfg = Release|Any CPU
		{3670442E-E162-4DE1-AABE-18B68FC0D286}.Release|Any CPU.Build.0 = Release|Any CPU
		{3670442E-E162-4DE1-AABE-18B68FC0D286}.Release|x64.ActiveCfg = Release|Any CPU
		{3670442E-E162-4DE1-AABE-18B68FC0D286}.Release|x64.Build.0 = Release|Any CPU
		{3670442E-E162-4DE1-AABE-18B68FC0D286}.Release|x86.ActiveCfg = Release|Any CPU
		{3670442E-E162-4DE1-AABE-18B68FC0D286}.Release|x86.Build.0 = Release|Any CPU
		{86D78C96-5798-9BB0-3884-52C7A2427573}.Debug|Any CPU.ActiveCfg = Debug|Any CPU
		{86D78C96-5798-9BB0-3884-52C7A2427573}.Debug|Any CPU.Build.0 = Debug|Any CPU
		{86D78C96-5798-9BB0-3884-52C7A2427573}.Debug|x64.ActiveCfg = Debug|Any CPU
		{86D78C96-5798-9BB0-3884-52C7A2427573}.Debug|x64.Build.0 = Debug|Any CPU
		{86D78C96-5798-9BB0-3884-52C7A2427573}.Debug|x86.ActiveCfg = Debug|Any CPU
		{86D78C96-5798-9BB0-3884-52C7A2427573}.Debug|x86.Build.0 = Debug|Any CPU
		{86D78C96-5798-9BB0-3884-52C7A2427573}.Release|Any CPU.ActiveCfg = Release|Any CPU
		{86D78C96-5798-9BB0-3884-52C7A2427573}.Release|Any CPU.Build.0 = Release|Any CPU
		{86D78C96-5798-9BB0-3884-52C7A2427573}.Release|x64.ActiveCfg = Release|Any CPU
		{86D78C96-5798-9BB0-3884-52C7A2427573}.Release|x64.Build.0 = Release|Any CPU
		{86D78C96-5798-9BB0-3884-52C7A2427573}.Release|x86.ActiveCfg = Release|Any CPU
		{86D78C96-5798-9BB0-3884-52C7A2427573}.Release|x86.Build.0 = Release|Any CPU
		{4F323DC5-2E03-9AD3-4F28-927DC665B529}.Debug|Any CPU.ActiveCfg = Debug|Any CPU
		{4F323DC5-2E03-9AD3-4F28-927DC665B529}.Debug|Any CPU.Build.0 = Debug|Any CPU
		{4F323DC5-2E03-9AD3-4F28-927DC665B529}.Debug|x64.ActiveCfg = Debug|Any CPU
		{4F323DC5-2E03-9AD3-4F28-927DC665B529}.Debug|x64.Build.0 = Debug|Any CPU
		{4F323DC5-2E03-9AD3-4F28-927DC665B529}.Debug|x86.ActiveCfg = Debug|Any CPU
		{4F323DC5-2E03-9AD3-4F28-927DC665B529}.Debug|x86.Build.0 = Debug|Any CPU
		{4F323DC5-2E03-9AD3-4F28-927DC665B529}.Release|Any CPU.ActiveCfg = Release|Any CPU
		{4F323DC5-2E03-9AD3-4F28-927DC665B529}.Release|Any CPU.Build.0 = Release|Any CPU
		{4F323DC5-2E03-9AD3-4F28-927DC665B529}.Release|x64.ActiveCfg = Release|Any CPU
		{4F323DC5-2E03-9AD3-4F28-927DC665B529}.Release|x64.Build.0 = Release|Any CPU
		{4F323DC5-2E03-9AD3-4F28-927DC665B529}.Release|x86.ActiveCfg = Release|Any CPU
		{4F323DC5-2E03-9AD3-4F28-927DC665B529}.Release|x86.Build.0 = Release|Any CPU
		{22F13C90-B322-6C0B-D592-D50838DB0A38}.Debug|Any CPU.ActiveCfg = Debug|Any CPU
		{22F13C90-B322-6C0B-D592-D50838DB0A38}.Debug|Any CPU.Build.0 = Debug|Any CPU
		{22F13C90-B322-6C0B-D592-D50838DB0A38}.Debug|x64.ActiveCfg = Debug|Any CPU
		{22F13C90-B322-6C0B-D592-D50838DB0A38}.Debug|x64.Build.0 = Debug|Any CPU
		{22F13C90-B322-6C0B-D592-D50838DB0A38}.Debug|x86.ActiveCfg = Debug|Any CPU
		{22F13C90-B322-6C0B-D592-D50838DB0A38}.Debug|x86.Build.0 = Debug|Any CPU
		{22F13C90-B322-6C0B-D592-D50838DB0A38}.Release|Any CPU.ActiveCfg = Release|Any CPU
		{22F13C90-B322-6C0B-D592-D50838DB0A38}.Release|Any CPU.Build.0 = Release|Any CPU
		{22F13C90-B322-6C0B-D592-D50838DB0A38}.Release|x64.ActiveCfg = Release|Any CPU
		{22F13C90-B322-6C0B-D592-D50838DB0A38}.Release|x64.Build.0 = Release|Any CPU
		{22F13C90-B322-6C0B-D592-D50838DB0A38}.Release|x86.ActiveCfg = Release|Any CPU
		{22F13C90-B322-6C0B-D592-D50838DB0A38}.Release|x86.Build.0 = Release|Any CPU
		{507E6324-4447-46D5-2D7A-097176FBB299}.Debug|Any CPU.ActiveCfg = Debug|Any CPU
		{507E6324-4447-46D5-2D7A-097176FBB299}.Debug|Any CPU.Build.0 = Debug|Any CPU
		{507E6324-4447-46D5-2D7A-097176FBB299}.Debug|x64.ActiveCfg = Debug|Any CPU
		{507E6324-4447-46D5-2D7A-097176FBB299}.Debug|x64.Build.0 = Debug|Any CPU
		{507E6324-4447-46D5-2D7A-097176FBB299}.Debug|x86.ActiveCfg = Debug|Any CPU
		{507E6324-4447-46D5-2D7A-097176FBB299}.Debug|x86.Build.0 = Debug|Any CPU
		{507E6324-4447-46D5-2D7A-097176FBB299}.Release|Any CPU.ActiveCfg = Release|Any CPU
		{507E6324-4447-46D5-2D7A-097176FBB299}.Release|Any CPU.Build.0 = Release|Any CPU
		{507E6324-4447-46D5-2D7A-097176FBB299}.Release|x64.ActiveCfg = Release|Any CPU
		{507E6324-4447-46D5-2D7A-097176FBB299}.Release|x64.Build.0 = Release|Any CPU
		{507E6324-4447-46D5-2D7A-097176FBB299}.Release|x86.ActiveCfg = Release|Any CPU
		{507E6324-4447-46D5-2D7A-097176FBB299}.Release|x86.Build.0 = Release|Any CPU
		{8CDC93C6-0958-E4B3-3036-A1EE16C6287B}.Debug|Any CPU.ActiveCfg = Debug|Any CPU
		{8CDC93C6-0958-E4B3-3036-A1EE16C6287B}.Debug|Any CPU.Build.0 = Debug|Any CPU
		{8CDC93C6-0958-E4B3-3036-A1EE16C6287B}.Debug|x64.ActiveCfg = Debug|Any CPU
		{8CDC93C6-0958-E4B3-3036-A1EE16C6287B}.Debug|x64.Build.0 = Debug|Any CPU
		{8CDC93C6-0958-E4B3-3036-A1EE16C6287B}.Debug|x86.ActiveCfg = Debug|Any CPU
		{8CDC93C6-0958-E4B3-3036-A1EE16C6287B}.Debug|x86.Build.0 = Debug|Any CPU
		{8CDC93C6-0958-E4B3-3036-A1EE16C6287B}.Release|Any CPU.ActiveCfg = Release|Any CPU
		{8CDC93C6-0958-E4B3-3036-A1EE16C6287B}.Release|Any CPU.Build.0 = Release|Any CPU
		{8CDC93C6-0958-E4B3-3036-A1EE16C6287B}.Release|x64.ActiveCfg = Release|Any CPU
		{8CDC93C6-0958-E4B3-3036-A1EE16C6287B}.Release|x64.Build.0 = Release|Any CPU
		{8CDC93C6-0958-E4B3-3036-A1EE16C6287B}.Release|x86.ActiveCfg = Release|Any CPU
		{8CDC93C6-0958-E4B3-3036-A1EE16C6287B}.Release|x86.Build.0 = Release|Any CPU
		{64801521-E8C8-9848-B0DB-A997342FDAD5}.Debug|Any CPU.ActiveCfg = Debug|Any CPU
		{64801521-E8C8-9848-B0DB-A997342FDAD5}.Debug|Any CPU.Build.0 = Debug|Any CPU
		{64801521-E8C8-9848-B0DB-A997342FDAD5}.Debug|x64.ActiveCfg = Debug|Any CPU
		{64801521-E8C8-9848-B0DB-A997342FDAD5}.Debug|x64.Build.0 = Debug|Any CPU
		{64801521-E8C8-9848-B0DB-A997342FDAD5}.Debug|x86.ActiveCfg = Debug|Any CPU
		{64801521-E8C8-9848-B0DB-A997342FDAD5}.Debug|x86.Build.0 = Debug|Any CPU
		{64801521-E8C8-9848-B0DB-A997342FDAD5}.Release|Any CPU.ActiveCfg = Release|Any CPU
		{64801521-E8C8-9848-B0DB-A997342FDAD5}.Release|Any CPU.Build.0 = Release|Any CPU
		{64801521-E8C8-9848-B0DB-A997342FDAD5}.Release|x64.ActiveCfg = Release|Any CPU
		{64801521-E8C8-9848-B0DB-A997342FDAD5}.Release|x64.Build.0 = Release|Any CPU
		{64801521-E8C8-9848-B0DB-A997342FDAD5}.Release|x86.ActiveCfg = Release|Any CPU
		{64801521-E8C8-9848-B0DB-A997342FDAD5}.Release|x86.Build.0 = Release|Any CPU
		{EB652B35-9F63-9371-C56D-03B929AC5DAF}.Debug|Any CPU.ActiveCfg = Debug|Any CPU
		{EB652B35-9F63-9371-C56D-03B929AC5DAF}.Debug|Any CPU.Build.0 = Debug|Any CPU
		{EB652B35-9F63-9371-C56D-03B929AC5DAF}.Debug|x64.ActiveCfg = Debug|Any CPU
		{EB652B35-9F63-9371-C56D-03B929AC5DAF}.Debug|x64.Build.0 = Debug|Any CPU
		{EB652B35-9F63-9371-C56D-03B929AC5DAF}.Debug|x86.ActiveCfg = Debug|Any CPU
		{EB652B35-9F63-9371-C56D-03B929AC5DAF}.Debug|x86.Build.0 = Debug|Any CPU
		{EB652B35-9F63-9371-C56D-03B929AC5DAF}.Release|Any CPU.ActiveCfg = Release|Any CPU
		{EB652B35-9F63-9371-C56D-03B929AC5DAF}.Release|Any CPU.Build.0 = Release|Any CPU
		{EB652B35-9F63-9371-C56D-03B929AC5DAF}.Release|x64.ActiveCfg = Release|Any CPU
		{EB652B35-9F63-9371-C56D-03B929AC5DAF}.Release|x64.Build.0 = Release|Any CPU
		{EB652B35-9F63-9371-C56D-03B929AC5DAF}.Release|x86.ActiveCfg = Release|Any CPU
		{EB652B35-9F63-9371-C56D-03B929AC5DAF}.Release|x86.Build.0 = Release|Any CPU
		{2F0D4428-92A1-4FA9-910C-A2B78D6EAD11}.Debug|Any CPU.ActiveCfg = Debug|Any CPU
		{2F0D4428-92A1-4FA9-910C-A2B78D6EAD11}.Debug|Any CPU.Build.0 = Debug|Any CPU
		{2F0D4428-92A1-4FA9-910C-A2B78D6EAD11}.Debug|x64.ActiveCfg = Debug|Any CPU
		{2F0D4428-92A1-4FA9-910C-A2B78D6EAD11}.Debug|x64.Build.0 = Debug|Any CPU
		{2F0D4428-92A1-4FA9-910C-A2B78D6EAD11}.Debug|x86.ActiveCfg = Debug|Any CPU
		{2F0D4428-92A1-4FA9-910C-A2B78D6EAD11}.Debug|x86.Build.0 = Debug|Any CPU
		{2F0D4428-92A1-4FA9-910C-A2B78D6EAD11}.Release|Any CPU.ActiveCfg = Release|Any CPU
		{2F0D4428-92A1-4FA9-910C-A2B78D6EAD11}.Release|Any CPU.Build.0 = Release|Any CPU
		{2F0D4428-92A1-4FA9-910C-A2B78D6EAD11}.Release|x64.ActiveCfg = Release|Any CPU
		{2F0D4428-92A1-4FA9-910C-A2B78D6EAD11}.Release|x64.Build.0 = Release|Any CPU
		{2F0D4428-92A1-4FA9-910C-A2B78D6EAD11}.Release|x86.ActiveCfg = Release|Any CPU
		{2F0D4428-92A1-4FA9-910C-A2B78D6EAD11}.Release|x86.Build.0 = Release|Any CPU
	EndGlobalSection
	GlobalSection(SolutionProperties) = preSolution
		HideSolutionNode = FALSE
	EndGlobalSection
	GlobalSection(NestedProjects) = preSolution
		{984BB9B3-3FA3-BE33-9484-CAC21695A33C} = {827E0CD3-B72D-47B6-A68D-7590B98EB39B}
		{B7D5EAAE-0816-8D88-99F1-C7C4E7720A4E} = {984BB9B3-3FA3-BE33-9484-CAC21695A33C}
		{A57A5477-331C-49A2-BDEE-817069C7F47C} = {B7D5EAAE-0816-8D88-99F1-C7C4E7720A4E}
		{CAA091EC-D133-82B6-2E38-1C8306A848A1} = {984BB9B3-3FA3-BE33-9484-CAC21695A33C}
		{3670442E-E162-4DE1-AABE-18B68FC0D286} = {CAA091EC-D133-82B6-2E38-1C8306A848A1}
		{02EA681E-C7D8-13C7-8484-4AC65E1B71E8} = {984BB9B3-3FA3-BE33-9484-CAC21695A33C}
		{86D78C96-5798-9BB0-3884-52C7A2427573} = {02EA681E-C7D8-13C7-8484-4AC65E1B71E8}
		{4F323DC5-2E03-9AD3-4F28-927DC665B529} = {39746ABD-D37D-42DC-AF14-AB2FEAC7B8B0}
		{39746ABD-D37D-42DC-AF14-AB2FEAC7B8B0} = {984BB9B3-3FA3-BE33-9484-CAC21695A33C}
		{22EE3CD0-3C1E-4494-AA24-5896762493F2} = {984BB9B3-3FA3-BE33-9484-CAC21695A33C}
		{22F13C90-B322-6C0B-D592-D50838DB0A38} = {22EE3CD0-3C1E-4494-AA24-5896762493F2}
		{64A52E37-52A0-4F6B-A8A5-B70C5C405B29} = {984BB9B3-3FA3-BE33-9484-CAC21695A33C}
		{507E6324-4447-46D5-2D7A-097176FBB299} = {64A52E37-52A0-4F6B-A8A5-B70C5C405B29}
		{21798492-8821-417A-9EED-E57CA1D5B630} = {984BB9B3-3FA3-BE33-9484-CAC21695A33C}
		{8CDC93C6-0958-E4B3-3036-A1EE16C6287B} = {21798492-8821-417A-9EED-E57CA1D5B630}
		{1F08374D-7B82-4DD5-ABDB-80E0037C640D} = {827E0CD3-B72D-47B6-A68D-7590B98EB39B}
		{64801521-E8C8-9848-B0DB-A997342FDAD5} = {1F08374D-7B82-4DD5-ABDB-80E0037C640D}
		{D39EF187-8F1F-42AB-B823-5B11FE487E48} = {CCF1CD96-C01F-4EC7-8361-4265A4072F41}
		{EB652B35-9F63-9371-C56D-03B929AC5DAF} = {D39EF187-8F1F-42AB-B823-5B11FE487E48}
		{CFC8029D-18B7-40F1-9520-9C668D55D561} = {CCF1CD96-C01F-4EC7-8361-4265A4072F41}
		{2F0D4428-92A1-4FA9-910C-A2B78D6EAD11} = {CFC8029D-18B7-40F1-9520-9C668D55D561}
	EndGlobalSection
	GlobalSection(ExtensibilityGlobals) = postSolution
		SolutionGuid = {505BE34D-9744-4593-B2A8-491DBD2564DF}
	EndGlobalSection
EndGlobal
